
Microsoft Visual Studio Solution File, Format Version 12.00
# Visual Studio Version 17
VisualStudioVersion = 17.10.35122.118
MinimumVisualStudioVersion = 10.0.40219.1
Project("{FAE04EC0-301F-11D3-BF4B-00C04F79EFBC}") = "FoodMenuAct1", "FoodMenuAct1\FoodMenuAct1.csproj", "{FE6964D4-7CB1-4E99-9A53-0DA64DEDD14A}"
EndProject
Global
	GlobalSection(SolutionConfigurationPlatforms) = preSolution
		Debug|Any CPU = Debug|Any CPU
		Release|Any CPU = Release|Any CPU
	EndGlobalSection
	GlobalSection(ProjectConfigurationPlatforms) = postSolution
		{FE6964D4-7CB1-4E99-9A53-0DA64DEDD14A}.Debug|Any CPU.ActiveCfg = Debug|Any CPU
		{FE6964D4-7CB1-4E99-9A53-0DA64DEDD14A}.Debug|Any CPU.Build.0 = Debug|Any CPU
		{FE6964D4-7CB1-4E99-9A53-0DA64DEDD14A}.Release|Any CPU.ActiveCfg = Release|Any CPU
		{FE6964D4-7CB1-4E99-9A53-0DA64DEDD14A}.Release|Any CPU.Build.0 = Release|Any CPU
	EndGlobalSection
	GlobalSection(SolutionProperties) = preSolution
		HideSolutionNode = FALSE
	EndGlobalSection
	GlobalSection(ExtensibilityGlobals) = postSolution
		SolutionGuid = {00E4DB18-C9F0-41C2-8BA3-FC030589F4DA}
	EndGlobalSection
EndGlobal
